
Microsoft Visual Studio Solution File, Format Version 12.00
# Visual Studio 15
Project("{FAE04EC0-301F-11D3-BF4B-00C04F79EFBC}") = "Assembly-CSharp", "Assembly-CSharp.csproj", "{04937B45-2B9B-ABDB-EE11-45DB5C9FA374}"
EndProject
Global
	GlobalSection(SolutionConfigurationPlatforms) = preSolution
		Debug|Any CPU = Debug|Any CPU
		Release|Any CPU = Release|Any CPU
	EndGlobalSection
	GlobalSection(ProjectConfigurationPlatforms) = postSolution
		{04937B45-2B9B-ABDB-EE11-45DB5C9FA374}.Debug|Any CPU.ActiveCfg = Debug|Any CPU
		{04937B45-2B9B-ABDB-EE11-45DB5C9FA374}.Debug|Any CPU.Build.0 = Debug|Any CPU
		{04937B45-2B9B-ABDB-EE11-45DB5C9FA374}.Release|Any CPU.ActiveCfg = Release|Any CPU
		{04937B45-2B9B-ABDB-EE11-45DB5C9FA374}.Release|Any CPU.Build.0 = Release|Any CPU
	EndGlobalSection
	GlobalSection(SolutionProperties) = preSolution
		HideSolutionNode = FALSE
	EndGlobalSection
EndGlobal
